
Microsoft Visual Studio Solution File, Format Version 12.00
# Visual Studio Version 16
VisualStudioVersion = 16.0.31727.386
MinimumVisualStudioVersion = 10.0.40219.1
Project("{FAE04EC0-301F-11D3-BF4B-00C04F79EFBC}") = "APiEstudo", "APiEstudo\APiEstudo.csproj", "{EDF7214F-581E-42C6-9A81-97834547372F}"
EndProject
Global
	GlobalSection(SolutionConfigurationPlatforms) = preSolution
		Debug|Any CPU = Debug|Any CPU
		Release|Any CPU = Release|Any CPU
	EndGlobalSection
	GlobalSection(ProjectConfigurationPlatforms) = postSolution
		{EDF7214F-581E-42C6-9A81-97834547372F}.Debug|Any CPU.ActiveCfg = Debug|Any CPU
		{EDF7214F-581E-42C6-9A81-97834547372F}.Debug|Any CPU.Build.0 = Debug|Any CPU
		{EDF7214F-581E-42C6-9A81-97834547372F}.Release|Any CPU.ActiveCfg = Release|Any CPU
		{EDF7214F-581E-42C6-9A81-97834547372F}.Release|Any CPU.Build.0 = Release|Any CPU
	EndGlobalSection
	GlobalSection(SolutionProperties) = preSolution
		HideSolutionNode = FALSE
	EndGlobalSection
	GlobalSection(ExtensibilityGlobals) = postSolution
		SolutionGuid = {0051B46A-C0BD-4F0D-B515-2F05C8A2DBDA}
	EndGlobalSection
EndGlobal
